
Microsoft Visual Studio Solution File, Format Version 12.00
# Visual Studio Version 17
VisualStudioVersion = 17.6.33829.357
MinimumVisualStudioVersion = 10.0.40219.1
Project("{FAE04EC0-301F-11D3-BF4B-00C04F79EFBC}") = "MarikaXamarinAndroid1", "MarikaXamarinAndroid1.csproj", "{BAF4D7F7-3A29-4153-BB66-FD5A936985B6}"
EndProject
Global
	GlobalSection(SolutionConfigurationPlatforms) = preSolution
		Debug|Any CPU = Debug|Any CPU
		Release|Any CPU = Release|Any CPU
	EndGlobalSection
	GlobalSection(ProjectConfigurationPlatforms) = postSolution
		{BAF4D7F7-3A29-4153-BB66-FD5A936985B6}.Debug|Any CPU.ActiveCfg = Debug|Any CPU
		{BAF4D7F7-3A29-4153-BB66-FD5A936985B6}.Debug|Any CPU.Build.0 = Debug|Any CPU
		{BAF4D7F7-3A29-4153-BB66-FD5A936985B6}.Debug|Any CPU.Deploy.0 = Debug|Any CPU
		{BAF4D7F7-3A29-4153-BB66-FD5A936985B6}.Release|Any CPU.ActiveCfg = Release|Any CPU
		{BAF4D7F7-3A29-4153-BB66-FD5A936985B6}.Release|Any CPU.Build.0 = Release|Any CPU
		{BAF4D7F7-3A29-4153-BB66-FD5A936985B6}.Release|Any CPU.Deploy.0 = Release|Any CPU
	EndGlobalSection
	GlobalSection(SolutionProperties) = preSolution
		HideSolutionNode = FALSE
	EndGlobalSection
	GlobalSection(ExtensibilityGlobals) = postSolution
		SolutionGuid = {B21854E8-B5E4-40C0-842E-22F1E3F89E9D}
	EndGlobalSection
EndGlobal
